lockfileVersion: '9.0'

settings:
  autoInstallPeers: true
  excludeLinksFromLockfile: false

importers:

  .:
    dependencies:
      '@rockinchaos/ebml-iterator':
        specifier: github:RockinChaos/ebml-iterator#bb3c64d4e14601865b95b218b25b96b204e966b6
        version: git+https://github.com/RockinChaos/ebml-iterator.git#bb3c64d4e14601865b95b218b25b96b204e966b6
      fast-readable-async-iterator:
        specifier: ^2.0.0
        version: 2.0.0
      pako:
        specifier: ^3.0.1
        version: 3.0.1
      uint8-util:
        specifier: ^2.3.2
        version: 2.3.2

packages:

  '@rockinchaos/ebml-iterator@git+https://github.com/RockinChaos/ebml-iterator.git#bb3c64d4e14601865b95b218b25b96b204e966b6':
    resolution: {commit: bb3c64d4e14601865b95b218b25b96b204e966b6, repo: https://github.com/RockinChaos/ebml-iterator.git, type: git}
    version: 1.2.0

  fast-readable-async-iterator@2.0.0:
    resolution: {integrity: sha512-8Sld+DuyWRIftl86ZguJxR2oXCBccOiJxrY/Rj9/7ZBynW8pYMWzIcqxFL1da+25jaWJZVa+HHX/8SsA21JdTA==}

  pako@3.0.1:
    resolution: {integrity: sha512-GupotUUI0mlhugKjUs4bjOwLt3nrehy9Ys2dxC0GtgVef5cnKggkDMmf2bq2poCCuVXopWPmqsc9VDT2iJUy+w==}

  uint8-util@2.3.2:
    resolution: {integrity: sha512-u1c0/eiT1IW+c5+ogbmE2Fu2hmtJQPkuzDmXD/4crMU4FPMjkTkFnjJ2NN/9AsZ9YWcc7yE869uc3WB8wIZEEA==}

snapshots:

  '@rockinchaos/ebml-iterator@git+https://github.com/RockinChaos/ebml-iterator.git#bb3c64d4e14601865b95b218b25b96b204e966b6': {}

  fast-readable-async-iterator@2.0.0: {}

  pako@3.0.1: {}

  uint8-util@2.3.2: {}
